
Microsoft Visual Studio Solution File, Format Version 12.00
# Visual Studio 15
VisualStudioVersion = 15.0.26228.9
MinimumVisualStudioVersion = 10.0.40219.1
Project("{FAE04EC0-301F-11D3-BF4B-00C04F79EFBC}") = "Greenmarks.Model", "Greenmarks.Model\Greenmarks.Model.csproj", "{D0034D65-C921-4C6A-B5C3-97C921204D46}"
EndProject
Project("{FAE04EC0-301F-11D3-BF4B-00C04F79EFBC}") = "Greenmarks.BLL", "Greenmarks.BLL\Greenmarks.BLL.csproj", "{B5C94664-16EE-44B5-A0E5-A0C377D5BD92}"
EndProject
Project("{FAE04EC0-301F-11D3-BF4B-00C04F79EFBC}") = "Greenmarks.DAL", "Greenmarks.DAL\Greenmarks.DAL.csproj", "{20A94EF5-7041-45A9-9E1B-2DE3377B982D}"
EndProject
Project("{FAE04EC0-301F-11D3-BF4B-00C04F79EFBC}") = "Greenmarks.Common", "Greenmarks.Common\Greenmarks.Common.csproj", "{843EAC07-2D49-4254-A36B-35E590D30EA9}"
EndProject
Project("{FAE04EC0-301F-11D3-BF4B-00C04F79EFBC}") = "Greenmarks.API", "Greenmarks.API\Greenmarks.API.csproj", "{145A7F25-2B84-412D-BFCF-97AB63C07684}"
EndProject
Global
	GlobalSection(SolutionConfigurationPlatforms) = preSolution
		Debug|Any CPU = Debug|Any CPU
		Release|Any CPU = Release|Any CPU
	EndGlobalSection
	GlobalSection(ProjectConfigurationPlatforms) = postSolution
		{D0034D65-C921-4C6A-B5C3-97C921204D46}.Debug|Any CPU.ActiveCfg = Debug|Any CPU
		{D0034D65-C921-4C6A-B5C3-97C921204D46}.Debug|Any CPU.Build.0 = Debug|Any CPU
		{D0034D65-C921-4C6A-B5C3-97C921204D46}.Release|Any CPU.ActiveCfg = Release|Any CPU
		{D0034D65-C921-4C6A-B5C3-97C921204D46}.Release|Any CPU.Build.0 = Release|Any CPU
		{B5C94664-16EE-44B5-A0E5-A0C377D5BD92}.Debug|Any CPU.ActiveCfg = Debug|Any CPU
		{B5C94664-16EE-44B5-A0E5-A0C377D5BD92}.Debug|Any CPU.Build.0 = Debug|Any CPU
		{B5C94664-16EE-44B5-A0E5-A0C377D5BD92}.Release|Any CPU.ActiveCfg = Release|Any CPU
		{B5C94664-16EE-44B5-A0E5-A0C377D5BD92}.Release|Any CPU.Build.0 = Release|Any CPU
		{20A94EF5-7041-45A9-9E1B-2DE3377B982D}.Debug|Any CPU.ActiveCfg = Debug|Any CPU
		{20A94EF5-7041-45A9-9E1B-2DE3377B982D}.Debug|Any CPU.Build.0 = Debug|Any CPU
		{20A94EF5-7041-45A9-9E1B-2DE3377B982D}.Release|Any CPU.ActiveCfg = Release|Any CPU
		{20A94EF5-7041-45A9-9E1B-2DE3377B982D}.Release|Any CPU.Build.0 = Release|Any CPU
		{843EAC07-2D49-4254-A36B-35E590D30EA9}.Debug|Any CPU.ActiveCfg = Debug|Any CPU
		{843EAC07-2D49-4254-A36B-35E590D30EA9}.Debug|Any CPU.Build.0 = Debug|Any CPU
		{843EAC07-2D49-4254-A36B-35E590D30EA9}.Release|Any CPU.ActiveCfg = Release|Any CPU
		{843EAC07-2D49-4254-A36B-35E590D30EA9}.Release|Any CPU.Build.0 = Release|Any CPU
		{145A7F25-2B84-412D-BFCF-97AB63C07684}.Debug|Any CPU.ActiveCfg = Debug|Any CPU
		{145A7F25-2B84-412D-BFCF-97AB63C07684}.Debug|Any CPU.Build.0 = Debug|Any CPU
		{145A7F25-2B84-412D-BFCF-97AB63C07684}.Release|Any CPU.ActiveCfg = Release|Any CPU
		{145A7F25-2B84-412D-BFCF-97AB63C07684}.Release|Any CPU.Build.0 = Release|Any CPU
	EndGlobalSection
	GlobalSection(SolutionProperties) = preSolution
		HideSolutionNode = FALSE
	EndGlobalSection
EndGlobal
